
Microsoft Visual Studio Solution File, Format Version 12.00
# Visual Studio Version 17
VisualStudioVersion = 17.5.33516.290
MinimumVisualStudioVersion = 10.0.40219.1
Project("{FAE04EC0-301F-11D3-BF4B-00C04F79EFBC}") = "IOIntro", "IOIntro\IOIntro.csproj", "{04D03949-529C-4930-8256-5FD09EC76B1E}"
EndProject
Global
	GlobalSection(SolutionConfigurationPlatforms) = preSolution
		Debug|Any CPU = Debug|Any CPU
		Release|Any CPU = Release|Any CPU
	EndGlobalSection
	GlobalSection(ProjectConfigurationPlatforms) = postSolution
		{04D03949-529C-4930-8256-5FD09EC76B1E}.Debug|Any CPU.ActiveCfg = Debug|Any CPU
		{04D03949-529C-4930-8256-5FD09EC76B1E}.Debug|Any CPU.Build.0 = Debug|Any CPU
		{04D03949-529C-4930-8256-5FD09EC76B1E}.Release|Any CPU.ActiveCfg = Release|Any CPU
		{04D03949-529C-4930-8256-5FD09EC76B1E}.Release|Any CPU.Build.0 = Release|Any CPU
	EndGlobalSection
	GlobalSection(SolutionProperties) = preSolution
		HideSolutionNode = FALSE
	EndGlobalSection
	GlobalSection(ExtensibilityGlobals) = postSolution
		SolutionGuid = {1550EAAD-7102-49F8-A6BD-56C6D385FFE8}
	EndGlobalSection
EndGlobal
